
Microsoft Visual Studio Solution File, Format Version 12.00
# Visual Studio Version 17
VisualStudioVersion = 17.11.35327.3
MinimumVisualStudioVersion = 10.0.40219.1
Project("{FAE04EC0-301F-11D3-BF4B-00C04F79EFBC}") = "Pabrik", "Pabrik\Pabrik.csproj", "{D1D6C69F-190F-453F-8BF7-C1CFEC9D4CF2}"
EndProject
Global
	GlobalSection(SolutionConfigurationPlatforms) = preSolution
		Debug|Any CPU = Debug|Any CPU
		Release|Any CPU = Release|Any CPU
	EndGlobalSection
	GlobalSection(ProjectConfigurationPlatforms) = postSolution
		{D1D6C69F-190F-453F-8BF7-C1CFEC9D4CF2}.Debug|Any CPU.ActiveCfg = Debug|Any CPU
		{D1D6C69F-190F-453F-8BF7-C1CFEC9D4CF2}.Debug|Any CPU.Build.0 = Debug|Any CPU
		{D1D6C69F-190F-453F-8BF7-C1CFEC9D4CF2}.Debug|Any CPU.Deploy.0 = Debug|Any CPU
		{D1D6C69F-190F-453F-8BF7-C1CFEC9D4CF2}.Release|Any CPU.ActiveCfg = Release|Any CPU
		{D1D6C69F-190F-453F-8BF7-C1CFEC9D4CF2}.Release|Any CPU.Build.0 = Release|Any CPU
		{D1D6C69F-190F-453F-8BF7-C1CFEC9D4CF2}.Release|Any CPU.Deploy.0 = Release|Any CPU
	EndGlobalSection
	GlobalSection(SolutionProperties) = preSolution
		HideSolutionNode = FALSE
	EndGlobalSection
	GlobalSection(ExtensibilityGlobals) = postSolution
		SolutionGuid = {5D4B0CBC-5070-4A42-A70F-47309BE13CFF}
	EndGlobalSection
EndGlobal
